
Microsoft Visual Studio Solution File, Format Version 11.00
# Visual Studio 2010
Project("{FAE04EC0-301F-11D3-BF4B-00C04F79EFBC}") = "Assembly-CSharp", "Assembly-CSharp.csproj", "{da7811cd-e399-f495-f301-0d1a249b5fc5}"
EndProject
Project("{FAE04EC0-301F-11D3-BF4B-00C04F79EFBC}") = "Sirenix.OdinInspector.CompatibilityLayer", "Sirenix.OdinInspector.CompatibilityLayer.csproj", "{474aa6ab-c7a5-440f-9e6a-99b81712bfe3}"
EndProject
Project("{FAE04EC0-301F-11D3-BF4B-00C04F79EFBC}") = "Assembly-CSharp-firstpass", "Assembly-CSharp-firstpass.csproj", "{9e22b44d-bde6-8d97-cd70-57288452e369}"
EndProject
Project("{FAE04EC0-301F-11D3-BF4B-00C04F79EFBC}") = "Sirenix.OdinInspector.CompatibilityLayer.Editor", "Sirenix.OdinInspector.CompatibilityLayer.Editor.csproj", "{80261503-bb88-20a1-1b88-e6cbdc3fd603}"
EndProject
Global
	GlobalSection(SolutionConfigurationPlatforms) = preSolution
		Debug|Any CPU = Debug|Any CPU
	EndGlobalSection
	GlobalSection(ProjectConfigurationPlatforms) = postSolution
		{da7811cd-e399-f495-f301-0d1a249b5fc5}.Debug|Any CPU.ActiveCfg = Debug|Any CPU
		{da7811cd-e399-f495-f301-0d1a249b5fc5}.Debug|Any CPU.Build.0 = Debug|Any CPU
		{474aa6ab-c7a5-440f-9e6a-99b81712bfe3}.Debug|Any CPU.ActiveCfg = Debug|Any CPU
		{474aa6ab-c7a5-440f-9e6a-99b81712bfe3}.Debug|Any CPU.Build.0 = Debug|Any CPU
		{9e22b44d-bde6-8d97-cd70-57288452e369}.Debug|Any CPU.ActiveCfg = Debug|Any CPU
		{9e22b44d-bde6-8d97-cd70-57288452e369}.Debug|Any CPU.Build.0 = Debug|Any CPU
		{80261503-bb88-20a1-1b88-e6cbdc3fd603}.Debug|Any CPU.ActiveCfg = Debug|Any CPU
		{80261503-bb88-20a1-1b88-e6cbdc3fd603}.Debug|Any CPU.Build.0 = Debug|Any CPU
	EndGlobalSection
	GlobalSection(SolutionProperties) = preSolution
		HideSolutionNode = FALSE
	EndGlobalSection
EndGlobal
